
Microsoft Visual Studio Solution File, Format Version 12.00
# Visual Studio 15
VisualStudioVersion = 15.0.27617.1
MinimumVisualStudioVersion = 10.0.40219.1
Project("{FAE04EC0-301F-11D3-BF4B-00C04F79EFBC}") = "RazorPagesWithAjax", "RazorPagesWithAjax\RazorPagesWithAjax.csproj", "{1A510A21-BE1E-46F3-B70E-DF815BB947E4}"
EndProject
Global
	GlobalSection(SolutionConfigurationPlatforms) = preSolution
		Debug|Any CPU = Debug|Any CPU
		Release|Any CPU = Release|Any CPU
	EndGlobalSection
	GlobalSection(ProjectConfigurationPlatforms) = postSolution
		{1A510A21-BE1E-46F3-B70E-DF815BB947E4}.Debug|Any CPU.ActiveCfg = Debug|Any CPU
		{1A510A21-BE1E-46F3-B70E-DF815BB947E4}.Debug|Any CPU.Build.0 = Debug|Any CPU
		{1A510A21-BE1E-46F3-B70E-DF815BB947E4}.Release|Any CPU.ActiveCfg = Release|Any CPU
		{1A510A21-BE1E-46F3-B70E-DF815BB947E4}.Release|Any CPU.Build.0 = Release|Any CPU
	EndGlobalSection
	GlobalSection(SolutionProperties) = preSolution
		HideSolutionNode = FALSE
	EndGlobalSection
	GlobalSection(ExtensibilityGlobals) = postSolution
		SolutionGuid = {2839BB60-B94C-46F5-AE7E-6738CB624B5B}
	EndGlobalSection
EndGlobal
